
Microsoft Visual Studio Solution File, Format Version 12.00
# Visual Studio Version 17
VisualStudioVersion = 17.4.33110.190
MinimumVisualStudioVersion = 10.0.40219.1
Project("{FAE04EC0-301F-11D3-BF4B-00C04F79EFBC}") = "ticTacToe", "ticTacToe.csproj", "{AD1244EC-6D03-4805-8571-76E04E88E182}"
EndProject
Global
	GlobalSection(SolutionConfigurationPlatforms) = preSolution
		Debug|Any CPU = Debug|Any CPU
		Release|Any CPU = Release|Any CPU
	EndGlobalSection
	GlobalSection(ProjectConfigurationPlatforms) = postSolution
		{AD1244EC-6D03-4805-8571-76E04E88E182}.Debug|Any CPU.ActiveCfg = Debug|Any CPU
		{AD1244EC-6D03-4805-8571-76E04E88E182}.Debug|Any CPU.Build.0 = Debug|Any CPU
		{AD1244EC-6D03-4805-8571-76E04E88E182}.Release|Any CPU.ActiveCfg = Release|Any CPU
		{AD1244EC-6D03-4805-8571-76E04E88E182}.Release|Any CPU.Build.0 = Release|Any CPU
	EndGlobalSection
	GlobalSection(SolutionProperties) = preSolution
		HideSolutionNode = FALSE
	EndGlobalSection
	GlobalSection(ExtensibilityGlobals) = postSolution
		SolutionGuid = {2B082ED8-321D-43CB-AE58-91839776B7CF}
	EndGlobalSection
EndGlobal
